
Microsoft Visual Studio Solution File, Format Version 12.00
# Visual Studio Version 17
VisualStudioVersion = 17.9.34701.34
MinimumVisualStudioVersion = 10.0.40219.1
Project("{FAE04EC0-301F-11D3-BF4B-00C04F79EFBC}") = "Estudantes", "PostgreSQL with .NET Core 8.0\Estudantes.csproj", "{B12FB428-D516-47FA-920A-1D18222564BE}"
EndProject
Global
	GlobalSection(SolutionConfigurationPlatforms) = preSolution
		Debug|Any CPU = Debug|Any CPU
		Release|Any CPU = Release|Any CPU
	EndGlobalSection
	GlobalSection(ProjectConfigurationPlatforms) = postSolution
		{B12FB428-D516-47FA-920A-1D18222564BE}.Debug|Any CPU.ActiveCfg = Debug|Any CPU
		{B12FB428-D516-47FA-920A-1D18222564BE}.Debug|Any CPU.Build.0 = Debug|Any CPU
		{B12FB428-D516-47FA-920A-1D18222564BE}.Release|Any CPU.ActiveCfg = Release|Any CPU
		{B12FB428-D516-47FA-920A-1D18222564BE}.Release|Any CPU.Build.0 = Release|Any CPU
	EndGlobalSection
	GlobalSection(SolutionProperties) = preSolution
		HideSolutionNode = FALSE
	EndGlobalSection
	GlobalSection(ExtensibilityGlobals) = postSolution
		SolutionGuid = {5099FB52-9A45-49E1-B2C9-E39557E8FF5D}
	EndGlobalSection
EndGlobal
